// !$*UTF8*$!
{
	archiveVersion = 1;
	classes = {
	};
	objectVersion = 50;
	objects = {

/* Begin PBXBuildFile section */
		FE9E8D6D2189D9B400C6D3B0 /* AppDelegate.swift in Sources */ = {isa = PBXBuildFile; fileRef = FE9E8D6C2189D9B400C6D3B0 /* AppDelegate.swift */; };
		FE9E8D6F2189D9B400C6D3B0 /* ViewController.swift in Sources */ = {isa = PBXBuildFile; fileRef = FE9E8D6E2189D9B400C6D3B0 /* ViewController.swift */; };
		FE9E8D722189D9B400C6D3B0 /* Main.storyboard in Resources */ = {isa = PBXBuildFile; fileRef = FE9E8D702189D9B400C6D3B0 /* Main.storyboard */; };
		FE9E8D772189D9B500C6D3B0 /* LaunchScreen.storyboard in Resources */ = {isa = PBXBuildFile; fileRef = FE9E8D752189D9B500C6D3B0 /* LaunchScreen.storyboard */; };
		FE9E8D822189D9B500C6D3B0 /* PuzzTests.swift in Sources */ = {isa = PBXBuildFile; fileRef = FE9E8D812189D9B500C6D3B0 /* PuzzTests.swift */; };
		FE9E8D8D2189D9B600C6D3B0 /* PuzzUITests.swift in Sources */ = {isa = PBXBuildFile; fileRef = FE9E8D8C2189D9B600C6D3B0 /* PuzzUITests.swift */; };
		FE9E8D9B2189F9E100C6D3B0 /* Assets.xcassets in Resources */ = {isa = PBXBuildFile; fileRef = FE9E8D732189D9B500C6D3B0 /* Assets.xcassets */; };
		FEC2A11D218A081100F164AF /* PuzzlePiece.swift in Sources */ = {isa = PBXBuildFile; fileRef = FEC2A11C218A081100F164AF /* PuzzlePiece.swift */; };
/* End PBXBuildFile section */

/* Begin PBXContainerItemProxy section */
		FE9E8D7E2189D9B500C6D3B0 /* PBXContainerItemProxy */ = {
			isa = PBXContainerItemProxy;
			containerPortal = FE9E8D612189D9B400C6D3B0 /* Project object */;
			proxyType = 1;
			remoteGlobalIDString = FE9E8D682189D9B400C6D3B0;
			remoteInfo = Puzz;
		};
		FE9E8D892189D9B600C6D3B0 /* PBXContainerItemProxy */ = {
			isa = PBXContainerItemProxy;
			containerPortal = FE9E8D612189D9B400C6D3B0 /* Project object */;
			proxyType = 1;
			remoteGlobalIDString = FE9E8D682189D9B400C6D3B0;
			remoteInfo = Puzz;
		};
/* End PBXContainerItemProxy section */

/* Begin PBXFileReference section */
		FE9E8D692189D9B400C6D3B0 /* Puzz.app */ = {isa = PBXFileReference; explicitFileType = wrapper.application; includeInIndex = 0; path = Puzz.app; sourceTree = BUILT_PRODUCTS_DIR; };
		FE9E8D6C2189D9B400C6D3B0 /* AppDelegate.swift */ = {isa = PBXFileReference; lastKnownFileType = sourcecode.swift; path = AppDelegate.swift; sourceTree = "<group>"; };
		FE9E8D6E2189D9B400C6D3B0 /* ViewController.swift */ = {isa = PBXFileReference; lastKnownFileType = sourcecode.swift; path = ViewController.swift; sourceTree = "<group>"; };
		FE9E8D712189D9B400C6D3B0 /* Base */ = {isa = PBXFileReference; lastKnownFileType = file.storyboard; name = Base; path = Base.lproj/Main.storyboard; sourceTree = "<group>"; };
		FE9E8D732189D9B500C6D3B0 /* Assets.xcassets */ = {isa = PBXFileReference; lastKnownFileType = folder.assetcatalog; path = Assets.xcassets; sourceTree = "<group>"; };
		FE9E8D762189D9B500C6D3B0 /* Base */ = {isa = PBXFileReference; lastKnownFileType = file.storyboard; name = Base; path = Base.lproj/LaunchScreen.storyboard; sourceTree = "<group>"; };
		FE9E8D782189D9B500C6D3B0 /* Info.plist */ = {isa = PBXFileReference; lastKnownFileType = text.plist.xml; path = Info.plist; sourceTree = "<group>"; };
		FE9E8D7D2189D9B500C6D3B0 /* PuzzTests.xctest */ = {isa = PBXFileReference; explicitFileType = wrapper.cfbundle; includeInIndex = 0; path = PuzzTests.xctest; sourceTree = BUILT_PRODUCTS_DIR; };
		FE9E8D812189D9B500C6D3B0 /* PuzzTests.swift */ = {isa = PBXFileReference; lastKnownFileType = sourcecode.swift; path = PuzzTests.swift; sourceTree = "<group>"; };
		FE9E8D832189D9B600C6D3B0 /* Info.plist */ = {isa = PBXFileReference; lastKnownFileType = text.plist.xml; path = Info.plist; sourceTree = "<group>"; };
		FE9E8D882189D9B600C6D3B0 /* PuzzUITests.xctest */ = {isa = PBXFileReference; explicitFileType = wrapper.cfbundle; includeInIndex = 0; path = PuzzUITests.xctest; sourceTree = BUILT_PRODUCTS_DIR; };
		FE9E8D8C2189D9B600C6D3B0 /* PuzzUITests.swift */ = {isa = PBXFileReference; lastKnownFileType = sourcecode.swift; path = PuzzUITests.swift; sourceTree = "<group>"; };
		FE9E8D8E2189D9B600C6D3B0 /* Info.plist */ = {isa = PBXFileReference; lastKnownFileType = text.plist.xml; path = Info.plist; sourceTree = "<group>"; };
		FEC2A11C218A081100F164AF /* PuzzlePiece.swift */ = {isa = PBXFileReference; lastKnownFileType = sourcecode.swift; path = PuzzlePiece.swift; sourceTree = "<group>"; };
/* End PBXFileReference section */

/* Begin PBXFrameworksBuildPhase section */
		FE9E8D662189D9B400C6D3B0 /* Frameworks */ = {
			isa = PBXFrameworksBuildPhase;
			buildActionMask = 2147483647;
			files = (
			);
			runOnlyForDeploymentPostprocessing = 0;
		};
		FE9E8D7A2189D9B500C6D3B0 /* Frameworks */ = {
			isa = PBXFrameworksBuildPhase;
			buildActionMask = 2147483647;
			files = (
			);
			runOnlyForDeploymentPostprocessing = 0;
		};
		FE9E8D852189D9B600C6D3B0 /* Frameworks */ = {
			isa = PBXFrameworksBuildPhase;
			buildActionMask = 2147483647;
			files = (
			);
			runOnlyForDeploymentPostprocessing = 0;
		};
/* End PBXFrameworksBuildPhase section */

/* Begin PBXGroup section */
		FE9E8D602189D9B400C6D3B0 = {
			isa = PBXGroup;
			children = (
				FE9E8D6B2189D9B400C6D3B0 /* Puzz */,
				FE9E8D802189D9B500C6D3B0 /* PuzzTests */,
				FE9E8D8B2189D9B600C6D3B0 /* PuzzUITests */,
				FE9E8D6A2189D9B400C6D3B0 /* Products */,
			);
			sourceTree = "<group>";
		};
		FE9E8D6A2189D9B400C6D3B0 /* Products */ = {
			isa = PBXGroup;
			children = (
				FE9E8D692189D9B400C6D3B0 /* Puzz.app */,
				FE9E8D7D2189D9B500C6D3B0 /* PuzzTests.xctest */,
				FE9E8D882189D9B600C6D3B0 /* PuzzUITests.xctest */,
			);
			name = Products;
			sourceTree = "<group>";
		};
		FE9E8D6B2189D9B400C6D3B0 /* Puzz */ = {
			isa = PBXGroup;
			children = (
				FE9E8D6C2189D9B400C6D3B0 /* AppDelegate.swift */,
				FE9E8D6E2189D9B400C6D3B0 /* ViewController.swift */,
				FE9E8D702189D9B400C6D3B0 /* Main.storyboard */,
				FE9E8D732189D9B500C6D3B0 /* Assets.xcassets */,
				FE9E8D752189D9B500C6D3B0 /* LaunchScreen.storyboard */,
				FE9E8D782189D9B500C6D3B0 /* Info.plist */,
				FEC2A11C218A081100F164AF /* PuzzlePiece.swift */,
			);
			path = Puzz;
			sourceTree = "<group>";
		};
		FE9E8D802189D9B500C6D3B0 /* PuzzTests */ = {
			isa = PBXGroup;
			children = (
				FE9E8D812189D9B500C6D3B0 /* PuzzTests.swift */,
				FE9E8D832189D9B600C6D3B0 /* Info.plist */,
			);
			path = PuzzTests;
			sourceTree = "<group>";
		};
		FE9E8D8B2189D9B600C6D3B0 /* PuzzUITests */ = {
			isa = PBXGroup;
			children = (
				FE9E8D8C2189D9B600C6D3B0 /* PuzzUITests.swift */,
				FE9E8D8E2189D9B600C6D3B0 /* Info.plist */,
			);
			path = PuzzUITests;
			sourceTree = "<group>";
		};
/* End PBXGroup section */

/* Begin PBXNativeTarget section */
		FE9E8D682189D9B400C6D3B0 /* Puzz */ = {
			isa = PBXNativeTarget;
			buildConfigurationList = FE9E8D912189D9B600C6D3B0 /* Build configuration list for PBXNativeTarget "Puzz" */;
			buildPhases = (
				FE9E8D652189D9B400C6D3B0 /* Sources */,
				FE9E8D662189D9B400C6D3B0 /* Frameworks */,
				FE9E8D672189D9B400C6D3B0 /* Resources */,
			);
			buildRules = (
			);
			dependencies = (
			);
			name = Puzz;
			productName = Puzz;
			productReference = FE9E8D692189D9B400C6D3B0 /* Puzz.app */;
			productType = "com.apple.product-type.application";
		};
		FE9E8D7C2189D9B500C6D3B0 /* PuzzTests */ = {
			isa = PBXNativeTarget;
			buildConfigurationList = FE9E8D942189D9B600C6D3B0 /* Build configuration list for PBXNativeTarget "PuzzTests" */;
			buildPhases = (
				FE9E8D792189D9B500C6D3B0 /* Sources */,
				FE9E8D7A2189D9B500C6D3B0 /* Frameworks */,
				FE9E8D7B2189D9B500C6D3B0 /* Resources */,
			);
			buildRules = (
			);
			dependencies = (
				FE9E8D7F2189D9B500C6D3B0 /* PBXTargetDependency */,
			);
			name = PuzzTests;
			productName = PuzzTests;
			productReference = FE9E8D7D2189D9B500C6D3B0 /* PuzzTests.xctest */;
			productType = "com.apple.product-type.bundle.unit-test";
		};
		FE9E8D872189D9B600C6D3B0 /* PuzzUITests */ = {
			isa = PBXNativeTarget;
			buildConfigurationList = FE9E8D972189D9B600C6D3B0 /* Build configuration list for PBXNativeTarget "PuzzUITests" */;
			buildPhases = (
				FE9E8D842189D9B600C6D3B0 /* Sources */,
				FE9E8D852189D9B600C6D3B0 /* Frameworks */,
				FE9E8D862189D9B600C6D3B0 /* Resources */,
			);
			buildRules = (
			);
			dependencies = (
				FE9E8D8A2189D9B600C6D3B0 /* PBXTargetDependency */,
			);
			name = PuzzUITests;
			productName = PuzzUITests;
			productReference = FE9E8D882189D9B600C6D3B0 /* PuzzUITests.xctest */;
			productType = "com.apple.product-type.bundle.ui-testing";
		};
/* End PBXNativeTarget section */

/* Begin PBXProject section */
		FE9E8D612189D9B400C6D3B0 /* Project object */ = {
			isa = PBXProject;
			attributes = {
				LastSwiftUpdateCheck = 1010;
				LastUpgradeCheck = 1010;
				ORGANIZATIONNAME = "Wojciech Li";
				TargetAttributes = {
					FE9E8D682189D9B400C6D3B0 = {
						CreatedOnToolsVersion = 10.1;
					};
					FE9E8D7C2189D9B500C6D3B0 = {
						CreatedOnToolsVersion = 10.1;
						TestTargetID = FE9E8D682189D9B400C6D3B0;
					};
					FE9E8D872189D9B600C6D3B0 = {
						CreatedOnToolsVersion = 10.1;
						TestTargetID = FE9E8D682189D9B400C6D3B0;
					};
				};
			};
			buildConfigurationList = FE9E8D642189D9B400C6D3B0 /* Build configuration list for PBXProject "Puzz" */;
			compatibilityVersion = "Xcode 9.3";
			developmentRegion = en;
			hasScannedForEncodings = 0;
			knownRegions = (
				en,
				Base,
			);
			mainGroup = FE9E8D602189D9B400C6D3B0;
			productRefGroup = FE9E8D6A2189D9B400C6D3B0 /* Products */;
			projectDirPath = "";
			projectRoot = "";
			targets = (
				FE9E8D682189D9B400C6D3B0 /* Puzz */,
				FE9E8D7C2189D9B500C6D3B0 /* PuzzTests */,
				FE9E8D872189D9B600C6D3B0 /* PuzzUITests */,
			);
		};
/* End PBXProject section */

/* Begin PBXResourcesBuildPhase section */
		FE9E8D672189D9B400C6D3B0 /* Resources */ = {
			isa = PBXResourcesBuildPhase;
			buildActionMask = 2147483647;
			files = (
				FE9E8D772189D9B500C6D3B0 /* LaunchScreen.storyboard in Resources */,
				FE9E8D9B2189F9E100C6D3B0 /* Assets.xcassets in Resources */,
				FE9E8D722189D9B400C6D3B0 /* Main.storyboard in Resources */,
			);
			runOnlyForDeploymentPostprocessing = 0;
		};
		FE9E8D7B2189D9B500C6D3B0 /* Resources */ = {
			isa = PBXResourcesBuildPhase;
			buildActionMask = 2147483647;
			files = (
			);
			runOnlyForDeploymentPostprocessing = 0;
		};
		FE9E8D862189D9B600C6D3B0 /* Resources */ = {
			isa = PBXResourcesBuildPhase;
			buildActionMask = 2147483647;
			files = (
			);
			runOnlyForDeploymentPostprocessing = 0;
		};
/* End PBXResourcesBuildPhase section */

/* Begin PBXSourcesBuildPhase section */
		FE9E8D652189D9B400C6D3B0 /* Sources */ = {
			isa = PBXSourcesBuildPhase;
			buildActionMask = 2147483647;
			files = (
				FE9E8D6F2189D9B400C6D3B0 /* ViewController.swift in Sources */,
				FE9E8D6D2189D9B400C6D3B0 /* AppDelegate.swift in Sources */,
				FEC2A11D218A081100F164AF /* PuzzlePiece.swift in Sources */,
			);
			runOnlyForDeploymentPostprocessing = 0;
		};
		FE9E8D792189D9B500C6D3B0 /* Sources */ = {
			isa = PBXSourcesBuildPhase;
			buildActionMask = 2147483647;
			files = (
				FE9E8D822189D9B500C6D3B0 /* PuzzTests.swift in Sources */,
			);
			runOnlyForDeploymentPostprocessing = 0;
		};
		FE9E8D842189D9B600C6D3B0 /* Sources */ = {
			isa = PBXSourcesBuildPhase;
			buildActionMask = 2147483647;
			files = (
				FE9E8D8D2189D9B600C6D3B0 /* PuzzUITests.swift in Sources */,
			);
			runOnlyForDeploymentPostprocessing = 0;
		};
/* End PBXSourcesBuildPhase section */

/* Begin PBXTargetDependency section */
		FE9E8D7F2189D9B500C6D3B0 /* PBXTargetDependency */ = {
			isa = PBXTargetDependency;
			target = FE9E8D682189D9B400C6D3B0 /* Puzz */;
			targetProxy = FE9E8D7E2189D9B500C6D3B0 /* PBXContainerItemProxy */;
		};
		FE9E8D8A2189D9B600C6D3B0 /* PBXTargetDependency */ = {
			isa = PBXTargetDependency;
			target = FE9E8D682189D9B400C6D3B0 /* Puzz */;
			targetProxy = FE9E8D892189D9B600C6D3B0 /* PBXContainerItemProxy */;
		};
/* End PBXTargetDependency section */

/* Begin PBXVariantGroup section */
		FE9E8D702189D9B400C6D3B0 /* Main.storyboard */ = {
			isa = PBXVariantGroup;
			children = (
				FE9E8D712189D9B400C6D3B0 /* Base */,
			);
			name = Main.storyboard;
			sourceTree = "<group>";
		};
		FE9E8D752189D9B500C6D3B0 /* LaunchScreen.storyboard */ = {
			isa = PBXVariantGroup;
			children = (
				FE9E8D762189D9B500C6D3B0 /* Base */,
			);
			name = LaunchScreen.storyboard;
			sourceTree = "<group>";
		};
/* End PBXVariantGroup section */

/* Begin XCBuildConfiguration section */
		FE9E8D8F2189D9B600C6D3B0 /* Debug */ = {
			isa = XCBuildConfiguration;
			buildSettings = {
				ALWAYS_SEARCH_USER_PATHS = NO;
				CLANG_ANALYZER_NONNULL = YES;
				CLANG_ANALYZER_NUMBER_OBJECT_CONVERSION = YES_AGGRESSIVE;
				CLANG_CXX_LANGUAGE_STANDARD = "gnu++14";
				CLANG_CXX_LIBRARY = "libc++";
				CLANG_ENABLE_MODULES = YES;
				CLANG_ENABLE_OBJC_ARC = YES;
				CLANG_ENABLE_OBJC_WEAK = YES;
				CLANG_WARN_BLOCK_CAPTURE_AUTORELEASING = YES;
				CLANG_WARN_BOOL_CONVERSION = YES;
				CLANG_WARN_COMMA = YES;
				CLANG_WARN_CONSTANT_CONVERSION = YES;
				CLANG_WARN_DEPRECATED_OBJC_IMPLEMENTATIONS = YES;
				CLANG_WARN_DIRECT_OBJC_ISA_USAGE = YES_ERROR;
				CLANG_WARN_DOCUMENTATION_COMMENTS = YES;
				CLANG_WARN_EMPTY_BODY = YES;
				CLANG_WARN_ENUM_CONVERSION = YES;
				CLANG_WARN_INFINITE_RECURSION = YES;
				CLANG_WARN_INT_CONVERSION = YES;
				CLANG_WARN_NON_LITERAL_NULL_CONVERSION = YES;
				CLANG_WARN_OBJC_IMPLICIT_RETAIN_SELF = YES;
				CLANG_WARN_OBJC_LITERAL_CONVERSION = YES;
				CLANG_WARN_OBJC_ROOT_CLASS = YES_ERROR;
				CLANG_WARN_RANGE_LOOP_ANALYSIS = YES;
				CLANG_WARN_STRICT_PROTOTYPES = YES;
				CLANG_WARN_SUSPICIOUS_MOVE = YES;
				CLANG_WARN_UNGUARDED_AVAILABILITY = YES_AGGRESSIVE;
				CLANG_WARN_UNREACHABLE_CODE = YES;
				CLANG_WARN__DUPLICATE_METHOD_MATCH = YES;
				CODE_SIGN_IDENTITY = "iPhone Developer";
				COPY_PHASE_STRIP = NO;
				DEBUG_INFORMATION_FORMAT = dwarf;
				ENABLE_STRICT_OBJC_MSGSEND = YES;
				ENABLE_TESTABILITY = YES;
				GCC_C_LANGUAGE_STANDARD = gnu11;
				GCC_DYNAMIC_NO_PIC = NO;
				GCC_NO_COMMON_BLOCKS = YES;
				GCC_OPTIMIZATION_LEVEL = 0;
				GCC_PREPROCESSOR_DEFINITIONS = (
					"DEBUG=1",
					"$(inherited)",
				);
				GCC_WARN_64_TO_32_BIT_CONVERSION = YES;
				GCC_WARN_ABOUT_RETURN_TYPE = YES_ERROR;
				GCC_WARN_UNDECLARED_SELECTOR = YES;
				GCC_WARN_UNINITIALIZED_AUTOS = YES_AGGRESSIVE;
				GCC_WARN_UNUSED_FUNCTION = YES;
				GCC_WARN_UNUSED_VARIABLE = YES;
				IPHONEOS_DEPLOYMENT_TARGET = 12.1;
				MTL_ENABLE_DEBUG_INFO = INCLUDE_SOURCE;
				MTL_FAST_MATH = YES;
				ONLY_ACTIVE_ARCH = YES;
				SDKROOT = iphoneos;
				SWIFT_ACTIVE_COMPILATION_CONDITIONS = DEBUG;
				SWIFT_OPTIMIZATION_LEVEL = "-Onone";
			};
			name = Debug;
		};
		FE9E8D902189D9B600C6D3B0 /* Release */ = {
			isa = XCBuildConfiguration;
			buildSettings = {
				ALWAYS_SEARCH_USER_PATHS = NO;
				CLANG_ANALYZER_NONNULL = YES;
				CLANG_ANALYZER_NUMBER_OBJECT_CONVERSION = YES_AGGRESSIVE;
				CLANG_CXX_LANGUAGE_STANDARD = "gnu++14";
				CLANG_CXX_LIBRARY = "libc++";
				CLANG_ENABLE_MODULES = YES;
				CLANG_ENABLE_OBJC_ARC = YES;
				CLANG_ENABLE_OBJC_WEAK = YES;
				CLANG_WARN_BLOCK_CAPTURE_AUTORELEASING = YES;
				CLANG_WARN_BOOL_CONVERSION = YES;
				CLANG_WARN_COMMA = YES;
				CLANG_WARN_CONSTANT_CONVERSION = YES;
				CLANG_WARN_DEPRECATED_OBJC_IMPLEMENTATIONS = YES;
				CLANG_WARN_DIRECT_OBJC_ISA_USAGE = YES_ERROR;
				CLANG_WARN_DOCUMENTATION_COMMENTS = YES;
				CLANG_WARN_EMPTY_BODY = YES;
				CLANG_WARN_ENUM_CONVERSION = YES;
				CLANG_WARN_INFINITE_RECURSION = YES;
				CLANG_WARN_INT_CONVERSION = YES;
				CLANG_WARN_NON_LITERAL_NULL_CONVERSION = YES;
				CLANG_WARN_OBJC_IMPLICIT_RETAIN_SELF = YES;
				CLANG_WARN_OBJC_LITERAL_CONVERSION = YES;
				CLANG_WARN_OBJC_ROOT_CLASS = YES_ERROR;
				CLANG_WARN_RANGE_LOOP_ANALYSIS = YES;
				CLANG_WARN_STRICT_PROTOTYPES = YES;
				CLANG_WARN_SUSPICIOUS_MOVE = YES;
				CLANG_WARN_UNGUARDED_AVAILABILITY = YES_AGGRESSIVE;
				CLANG_WARN_UNREACHABLE_CODE = YES;
				CLANG_WARN__DUPLICATE_METHOD_MATCH = YES;
				CODE_SIGN_IDENTITY = "iPhone Developer";
				COPY_PHASE_STRIP = NO;
				DEBUG_INFORMATION_FORMAT = "dwarf-with-dsym";
				ENABLE_NS_ASSERTIONS = NO;
				ENABLE_STRICT_OBJC_MSGSEND = YES;
				GCC_C_LANGUAGE_STANDARD = gnu11;
				GCC_NO_COMMON_BLOCKS = YES;
				GCC_WARN_64_TO_32_BIT_CONVERSION = YES;
				GCC_WARN_ABOUT_RETURN_TYPE = YES_ERROR;
				GCC_WARN_UNDECLARED_SELECTOR = YES;
				GCC_WARN_UNINITIALIZED_AUTOS = YES_AGGRESSIVE;
				GCC_WARN_UNUSED_FUNCTION = YES;
				GCC_WARN_UNUSED_VARIABLE = YES;
				IPHONEOS_DEPLOYMENT_TARGET = 12.1;
				MTL_ENABLE_DEBUG_INFO = NO;
				MTL_FAST_MATH = YES;
				SDKROOT = iphoneos;
				SWIFT_COMPILATION_MODE = wholemodule;
				SWIFT_OPTIMIZATION_LEVEL = "-O";
				VALIDATE_PRODUCT = YES;
			};
			name = Release;
		};
		FE9E8D922189D9B600C6D3B0 /* Debug */ = {
			isa = XCBuildConfiguration;
			buildSettings = {
				ASSETCATALOG_COMPILER_APPICON_NAME = AppIcon;
				CODE_SIGN_STYLE = Automatic;
				INFOPLIST_FILE = Puzz/Info.plist;
				LD_RUNPATH_SEARCH_PATHS = (
					"$(inherited)",
					"@executable_path/Frameworks",
				);
				PRODUCT_BUNDLE_IDENTIFIER = pl.shorti1996.Puzz;
				PRODUCT_NAME = "$(TARGET_NAME)";
				SWIFT_VERSION = 4.2;
				TARGETED_DEVICE_FAMILY = "1,2";
			};
			name = Debug;
		};
		FE9E8D932189D9B600C6D3B0 /* Release */ = {
			isa = XCBuildConfiguration;
			buildSettings = {
				ASSETCATALOG_COMPILER_APPICON_NAME = AppIcon;
				CODE_SIGN_STYLE = Automatic;
				INFOPLIST_FILE = Puzz/Info.plist;
				LD_RUNPATH_SEARCH_PATHS = (
					"$(inherited)",
					"@executable_path/Frameworks",
				);
				PRODUCT_BUNDLE_IDENTIFIER = pl.shorti1996.Puzz;
				PRODUCT_NAME = "$(TARGET_NAME)";
				SWIFT_VERSION = 4.2;
				TARGETED_DEVICE_FAMILY = "1,2";
			};
			name = Release;
		};
		FE9E8D952189D9B600C6D3B0 /* Debug */ = {
			isa = XCBuildConfiguration;
			buildSettings = {
				ALWAYS_EMBED_SWIFT_STANDARD_LIBRARIES = YES;
				BUNDLE_LOADER = "$(TEST_HOST)";
				CODE_SIGN_STYLE = Automatic;
				INFOPLIST_FILE = PuzzTests/Info.plist;
				LD_RUNPATH_SEARCH_PATHS = (
					"$(inherited)",
					"@executable_path/Frameworks",
					"@loader_path/Frameworks",
				);
				PRODUCT_BUNDLE_IDENTIFIER = pl.shorti1996.PuzzTests;
				PRODUCT_NAME = "$(TARGET_NAME)";
				SWIFT_VERSION = 4.2;
				TARGETED_DEVICE_FAMILY = "1,2";
				TEST_HOST = "$(BUILT_PRODUCTS_DIR)/Puzz.app/Puzz";
			};
			name = Debug;
		};
		FE9E8D962189D9B600C6D3B0 /* Release */ = {
			isa = XCBuildConfiguration;
			buildSettings = {
				ALWAYS_EMBED_SWIFT_STANDARD_LIBRARIES = YES;
				BUNDLE_LOADER = "$(TEST_HOST)";
				CODE_SIGN_STYLE = Automatic;
				INFOPLIST_FILE = PuzzTests/Info.plist;
				LD_RUNPATH_SEARCH_PATHS = (
					"$(inherited)",
					"@executable_path/Frameworks",
					"@loader_path/Frameworks",
				);
				PRODUCT_BUNDLE_IDENTIFIER = pl.shorti1996.PuzzTests;
				PRODUCT_NAME = "$(TARGET_NAME)";
				SWIFT_VERSION = 4.2;
				TARGETED_DEVICE_FAMILY = "1,2";
				TEST_HOST = "$(BUILT_PRODUCTS_DIR)/Puzz.app/Puzz";
			};
			name = Release;
		};
		FE9E8D982189D9B600C6D3B0 /* Debug */ = {
			isa = XCBuildConfiguration;
			buildSettings = {
				ALWAYS_EMBED_SWIFT_STANDARD_LIBRARIES = YES;
				CODE_SIGN_STYLE = Automatic;
				INFOPLIST_FILE = PuzzUITests/Info.plist;
				LD_RUNPATH_SEARCH_PATHS = (
					"$(inherited)",
					"@executable_path/Frameworks",
					"@loader_path/Frameworks",
				);
				PRODUCT_BUNDLE_IDENTIFIER = pl.shorti1996.PuzzUITests;
				PRODUCT_NAME = "$(TARGET_NAME)";
				SWIFT_VERSION = 4.2;
				TARGETED_DEVICE_FAMILY = "1,2";
				TEST_TARGET_NAME = Puzz;
			};
			name = Debug;
		};
		FE9E8D992189D9B600C6D3B0 /* Release */ = {
			isa = XCBuildConfiguration;
			buildSettings = {
				ALWAYS_EMBED_SWIFT_STANDARD_LIBRARIES = YES;
				CODE_SIGN_STYLE = Automatic;
				INFOPLIST_FILE = PuzzUITests/Info.plist;
				LD_RUNPATH_SEARCH_PATHS = (
					"$(inherited)",
					"@executable_path/Frameworks",
					"@loader_path/Frameworks",
				);
				PRODUCT_BUNDLE_IDENTIFIER = pl.shorti1996.PuzzUITests;
				PRODUCT_NAME = "$(TARGET_NAME)";
				SWIFT_VERSION = 4.2;
				TARGETED_DEVICE_FAMILY = "1,2";
				TEST_TARGET_NAME = Puzz;
			};
			name = Release;
		};
/* End XCBuildConfiguration section */

/* Begin XCConfigurationList section */
		FE9E8D642189D9B400C6D3B0 /* Build configuration list for PBXProject "Puzz" */ = {
			isa = XCConfigurationList;
			buildConfigurations = (
				FE9E8D8F2189D9B600C6D3B0 /* Debug */,
				FE9E8D902189D9B600C6D3B0 /* Release */,
			);
			defaultConfigurationIsVisible = 0;
			defaultConfigurationName = Release;
		};
		FE9E8D912189D9B600C6D3B0 /* Build configuration list for PBXNativeTarget "Puzz" */ = {
			isa = XCConfigurationList;
			buildConfigurations = (
				FE9E8D922189D9B600C6D3B0 /* Debug */,
				FE9E8D932189D9B600C6D3B0 /* Release */,
			);
			defaultConfigurationIsVisible = 0;
			defaultConfigurationName = Release;
		};
		FE9E8D942189D9B600C6D3B0 /* Build configuration list for PBXNativeTarget "PuzzTests" */ = {
			isa = XCConfigurationList;
			buildConfigurations = (
				FE9E8D952189D9B600C6D3B0 /* Debug */,
				FE9E8D962189D9B600C6D3B0 /* Release */,
			);
			defaultConfigurationIsVisible = 0;
			defaultConfigurationName = Release;
		};
		FE9E8D972189D9B600C6D3B0 /* Build configuration list for PBXNativeTarget "PuzzUITests" */ = {
			isa = XCConfigurationList;
			buildConfigurations = (
				FE9E8D982189D9B600C6D3B0 /* Debug */,
				FE9E8D992189D9B600C6D3B0 /* Release */,
			);
			defaultConfigurationIsVisible = 0;
			defaultConfigurationName = Release;
		};
/* End XCConfigurationList section */
	};
	rootObject = FE9E8D612189D9B400C6D3B0 /* Project object */;
}
